
Microsoft Visual Studio Solution File, Format Version 12.00
# Visual Studio Version 17
VisualStudioVersion = 17.8.34330.188
MinimumVisualStudioVersion = 10.0.40219.1
Project("{9A19103F-16F7-4668-BE54-9A1E7A4F7556}") = "EmployeeApi", "EmployeeApi\EmployeeApi.csproj", "{61A95C6D-4424-425A-A3E2-EB713C23E81A}"
EndProject
Project("{9A19103F-16F7-4668-BE54-9A1E7A4F7556}") = "EmployeeWeb", "EmployeeWeb\EmployeeWeb.csproj", "{4DD6BF71-AA37-466B-9ECE-4052A5F2CBD5}"
	ProjectSection(ProjectDependencies) = postProject
		{61A95C6D-4424-425A-A3E2-EB713C23E81A} = {61A95C6D-4424-425A-A3E2-EB713C23E81A}
	EndProjectSection
EndProject
Global
	GlobalSection(SolutionConfigurationPlatforms) = preSolution
		Debug|Any CPU = Debug|Any CPU
		Release|Any CPU = Release|Any CPU
	EndGlobalSection
	GlobalSection(ProjectConfigurationPlatforms) = postSolution
		{61A95C6D-4424-425A-A3E2-EB713C23E81A}.Debug|Any CPU.ActiveCfg = Debug|Any CPU
		{61A95C6D-4424-425A-A3E2-EB713C23E81A}.Debug|Any CPU.Build.0 = Debug|Any CPU
		{61A95C6D-4424-425A-A3E2-EB713C23E81A}.Release|Any CPU.ActiveCfg = Release|Any CPU
		{61A95C6D-4424-425A-A3E2-EB713C23E81A}.Release|Any CPU.Build.0 = Release|Any CPU
		{4DD6BF71-AA37-466B-9ECE-4052A5F2CBD5}.Debug|Any CPU.ActiveCfg = Debug|Any CPU
		{4DD6BF71-AA37-466B-9ECE-4052A5F2CBD5}.Debug|Any CPU.Build.0 = Debug|Any CPU
		{4DD6BF71-AA37-466B-9ECE-4052A5F2CBD5}.Release|Any CPU.ActiveCfg = Release|Any CPU
		{4DD6BF71-AA37-466B-9ECE-4052A5F2CBD5}.Release|Any CPU.Build.0 = Release|Any CPU
	EndGlobalSection
	GlobalSection(SolutionProperties) = preSolution
		HideSolutionNode = FALSE
	EndGlobalSection
	GlobalSection(ExtensibilityGlobals) = postSolution
		SolutionGuid = {C2BA7886-E6D9-4640-AF74-C3889A92591F}
	EndGlobalSection
EndGlobal
